
Microsoft Visual Studio Solution File, Format Version 12.00
# Visual Studio Version 17
VisualStudioVersion = 17.0.31903.59
MinimumVisualStudioVersion = 10.0.40219.1
Project("{2150E333-8FDC-42A3-9474-1A3956D46DE8}") = "src", "src", "{827E0CD3-B72D-47B6-A68D-7590B98EB39B}"
EndProject
Project("{FAE04EC0-301F-11D3-BF4B-00C04F79EFBC}") = "Zeus.Academia.Api", "src\Zeus.Academia.Api\Zeus.Academia.Api.csproj", "{F97A19A0-2A5D-4C85-9A93-01D2486C9B68}"
EndProject
Project("{FAE04EC0-301F-11D3-BF4B-00C04F79EFBC}") = "Zeus.Academia.Infrastructure", "src\Zeus.Academia.Infrastructure\Zeus.Academia.Infrastructure.csproj", "{B4C63F22-97E8-4F4F-BDFC-C16EF323F652}"
EndProject
Project("{FAE04EC0-301F-11D3-BF4B-00C04F79EFBC}") = "Zeus.Academia.Tests", "src\Zeus.Academia.Tests\Zeus.Academia.Tests.csproj", "{C8E2A1F0-BFD8-487A-95A4-6F6E28826781}"
EndProject
Project("{FAE04EC0-301F-11D3-BF4B-00C04F79EFBC}") = "Zeus.Academia.CoverageTests", "src\Zeus.Academia.CoverageTests\Zeus.Academia.CoverageTests.csproj", "{BB15A69D-EE3B-4F79-A163-278F4C301554}"
EndProject
Global
	GlobalSection(SolutionConfigurationPlatforms) = preSolution
		Debug|Any CPU = Debug|Any CPU
		Debug|x64 = Debug|x64
		Debug|x86 = Debug|x86
		Release|Any CPU = Release|Any CPU
		Release|x64 = Release|x64
		Release|x86 = Release|x86
	EndGlobalSection
	GlobalSection(ProjectConfigurationPlatforms) = postSolution
		{F97A19A0-2A5D-4C85-9A93-01D2486C9B68}.Debug|Any CPU.ActiveCfg = Debug|Any CPU
		{F97A19A0-2A5D-4C85-9A93-01D2486C9B68}.Debug|Any CPU.Build.0 = Debug|Any CPU
		{F97A19A0-2A5D-4C85-9A93-01D2486C9B68}.Debug|x64.ActiveCfg = Debug|Any CPU
		{F97A19A0-2A5D-4C85-9A93-01D2486C9B68}.Debug|x64.Build.0 = Debug|Any CPU
		{F97A19A0-2A5D-4C85-9A93-01D2486C9B68}.Debug|x86.ActiveCfg = Debug|Any CPU
		{F97A19A0-2A5D-4C85-9A93-01D2486C9B68}.Debug|x86.Build.0 = Debug|Any CPU
		{F97A19A0-2A5D-4C85-9A93-01D2486C9B68}.Release|Any CPU.ActiveCfg = Release|Any CPU
		{F97A19A0-2A5D-4C85-9A93-01D2486C9B68}.Release|Any CPU.Build.0 = Release|Any CPU
		{F97A19A0-2A5D-4C85-9A93-01D2486C9B68}.Release|x64.ActiveCfg = Release|Any CPU
		{F97A19A0-2A5D-4C85-9A93-01D2486C9B68}.Release|x64.Build.0 = Release|Any CPU
		{F97A19A0-2A5D-4C85-9A93-01D2486C9B68}.Release|x86.ActiveCfg = Release|Any CPU
		{F97A19A0-2A5D-4C85-9A93-01D2486C9B68}.Release|x86.Build.0 = Release|Any CPU
		{B4C63F22-97E8-4F4F-BDFC-C16EF323F652}.Debug|Any CPU.ActiveCfg = Debug|Any CPU
		{B4C63F22-97E8-4F4F-BDFC-C16EF323F652}.Debug|Any CPU.Build.0 = Debug|Any CPU
		{B4C63F22-97E8-4F4F-BDFC-C16EF323F652}.Debug|x64.ActiveCfg = Debug|Any CPU
		{B4C63F22-97E8-4F4F-BDFC-C16EF323F652}.Debug|x64.Build.0 = Debug|Any CPU
		{B4C63F22-97E8-4F4F-BDFC-C16EF323F652}.Debug|x86.ActiveCfg = Debug|Any CPU
		{B4C63F22-97E8-4F4F-BDFC-C16EF323F652}.Debug|x86.Build.0 = Debug|Any CPU
		{B4C63F22-97E8-4F4F-BDFC-C16EF323F652}.Release|Any CPU.ActiveCfg = Release|Any CPU
		{B4C63F22-97E8-4F4F-BDFC-C16EF323F652}.Release|Any CPU.Build.0 = Release|Any CPU
		{B4C63F22-97E8-4F4F-BDFC-C16EF323F652}.Release|x64.ActiveCfg = Release|Any CPU
		{B4C63F22-97E8-4F4F-BDFC-C16EF323F652}.Release|x64.Build.0 = Release|Any CPU
		{B4C63F22-97E8-4F4F-BDFC-C16EF323F652}.Release|x86.ActiveCfg = Release|Any CPU
		{B4C63F22-97E8-4F4F-BDFC-C16EF323F652}.Release|x86.Build.0 = Release|Any CPU
		{C8E2A1F0-BFD8-487A-95A4-6F6E28826781}.Debug|Any CPU.ActiveCfg = Debug|Any CPU
		{C8E2A1F0-BFD8-487A-95A4-6F6E28826781}.Debug|Any CPU.Build.0 = Debug|Any CPU
		{C8E2A1F0-BFD8-487A-95A4-6F6E28826781}.Debug|x64.ActiveCfg = Debug|Any CPU
		{C8E2A1F0-BFD8-487A-95A4-6F6E28826781}.Debug|x64.Build.0 = Debug|Any CPU
		{C8E2A1F0-BFD8-487A-95A4-6F6E28826781}.Debug|x86.ActiveCfg = Debug|Any CPU
		{C8E2A1F0-BFD8-487A-95A4-6F6E28826781}.Debug|x86.Build.0 = Debug|Any CPU
		{C8E2A1F0-BFD8-487A-95A4-6F6E28826781}.Release|Any CPU.ActiveCfg = Release|Any CPU
		{C8E2A1F0-BFD8-487A-95A4-6F6E28826781}.Release|Any CPU.Build.0 = Release|Any CPU
		{C8E2A1F0-BFD8-487A-95A4-6F6E28826781}.Release|x64.ActiveCfg = Release|Any CPU
		{C8E2A1F0-BFD8-487A-95A4-6F6E28826781}.Release|x64.Build.0 = Release|Any CPU
		{C8E2A1F0-BFD8-487A-95A4-6F6E28826781}.Release|x86.ActiveCfg = Release|Any CPU
		{C8E2A1F0-BFD8-487A-95A4-6F6E28826781}.Release|x86.Build.0 = Release|Any CPU
		{BB15A69D-EE3B-4F79-A163-278F4C301554}.Debug|Any CPU.ActiveCfg = Debug|Any CPU
		{BB15A69D-EE3B-4F79-A163-278F4C301554}.Debug|Any CPU.Build.0 = Debug|Any CPU
		{BB15A69D-EE3B-4F79-A163-278F4C301554}.Debug|x64.ActiveCfg = Debug|Any CPU
		{BB15A69D-EE3B-4F79-A163-278F4C301554}.Debug|x64.Build.0 = Debug|Any CPU
		{BB15A69D-EE3B-4F79-A163-278F4C301554}.Debug|x86.ActiveCfg = Debug|Any CPU
		{BB15A69D-EE3B-4F79-A163-278F4C301554}.Debug|x86.Build.0 = Debug|Any CPU
		{BB15A69D-EE3B-4F79-A163-278F4C301554}.Release|Any CPU.ActiveCfg = Release|Any CPU
		{BB15A69D-EE3B-4F79-A163-278F4C301554}.Release|Any CPU.Build.0 = Release|Any CPU
		{BB15A69D-EE3B-4F79-A163-278F4C301554}.Release|x64.ActiveCfg = Release|Any CPU
		{BB15A69D-EE3B-4F79-A163-278F4C301554}.Release|x64.Build.0 = Release|Any CPU
		{BB15A69D-EE3B-4F79-A163-278F4C301554}.Release|x86.ActiveCfg = Release|Any CPU
		{BB15A69D-EE3B-4F79-A163-278F4C301554}.Release|x86.Build.0 = Release|Any CPU
	EndGlobalSection
	GlobalSection(SolutionProperties) = preSolution
		HideSolutionNode = FALSE
	EndGlobalSection
	GlobalSection(NestedProjects) = preSolution
		{F97A19A0-2A5D-4C85-9A93-01D2486C9B68} = {827E0CD3-B72D-47B6-A68D-7590B98EB39B}
		{B4C63F22-97E8-4F4F-BDFC-C16EF323F652} = {827E0CD3-B72D-47B6-A68D-7590B98EB39B}
		{C8E2A1F0-BFD8-487A-95A4-6F6E28826781} = {827E0CD3-B72D-47B6-A68D-7590B98EB39B}
		{BB15A69D-EE3B-4F79-A163-278F4C301554} = {827E0CD3-B72D-47B6-A68D-7590B98EB39B}
	EndGlobalSection
EndGlobal
